
Microsoft Visual Studio Solution File, Format Version 12.00
# Visual Studio Version 16
VisualStudioVersion = 16.0.31729.503
MinimumVisualStudioVersion = 10.0.40219.1
Project("{FAE04EC0-301F-11D3-BF4B-00C04F79EFBC}") = "Paint APP", "Paint APP\Paint APP.csproj", "{183CA6F1-0094-44CC-A5C5-6B7649AA67BE}"
EndProject
Global
	GlobalSection(SolutionConfigurationPlatforms) = preSolution
		Debug|Any CPU = Debug|Any CPU
		Release|Any CPU = Release|Any CPU
	EndGlobalSection
	GlobalSection(ProjectConfigurationPlatforms) = postSolution
		{183CA6F1-0094-44CC-A5C5-6B7649AA67BE}.Debug|Any CPU.ActiveCfg = Debug|Any CPU
		{183CA6F1-0094-44CC-A5C5-6B7649AA67BE}.Debug|Any CPU.Build.0 = Debug|Any CPU
		{183CA6F1-0094-44CC-A5C5-6B7649AA67BE}.Release|Any CPU.ActiveCfg = Release|Any CPU
		{183CA6F1-0094-44CC-A5C5-6B7649AA67BE}.Release|Any CPU.Build.0 = Release|Any CPU
	EndGlobalSection
	GlobalSection(SolutionProperties) = preSolution
		HideSolutionNode = FALSE
	EndGlobalSection
	GlobalSection(ExtensibilityGlobals) = postSolution
		SolutionGuid = {2A28F882-C9D4-46E0-A219-F473E415BB09}
	EndGlobalSection
EndGlobal
